
Microsoft Visual Studio Solution File, Format Version 12.00
# Visual Studio Version 16
VisualStudioVersion = 16.0.32413.511
MinimumVisualStudioVersion = 10.0.40219.1
Project("{FAE04EC0-301F-11D3-BF4B-00C04F79EFBC}") = "Class7forMatrix", "Class7forMatrix\Class7forMatrix.csproj", "{18719E1C-EE80-43A8-AD9E-5B18535E4592}"
EndProject
Global
	GlobalSection(SolutionConfigurationPlatforms) = preSolution
		Debug|Any CPU = Debug|Any CPU
		Release|Any CPU = Release|Any CPU
	EndGlobalSection
	GlobalSection(ProjectConfigurationPlatforms) = postSolution
		{18719E1C-EE80-43A8-AD9E-5B18535E4592}.Debug|Any CPU.ActiveCfg = Debug|Any CPU
		{18719E1C-EE80-43A8-AD9E-5B18535E4592}.Debug|Any CPU.Build.0 = Debug|Any CPU
		{18719E1C-EE80-43A8-AD9E-5B18535E4592}.Release|Any CPU.ActiveCfg = Release|Any CPU
		{18719E1C-EE80-43A8-AD9E-5B18535E4592}.Release|Any CPU.Build.0 = Release|Any CPU
	EndGlobalSection
	GlobalSection(SolutionProperties) = preSolution
		HideSolutionNode = FALSE
	EndGlobalSection
	GlobalSection(ExtensibilityGlobals) = postSolution
		SolutionGuid = {EBD01444-C75A-4CD9-8715-EC795FDEF0B6}
	EndGlobalSection
EndGlobal
