
Microsoft Visual Studio Solution File, Format Version 12.00
# Visual Studio Version 16
VisualStudioVersion = 16.0.32413.511
MinimumVisualStudioVersion = 10.0.40219.1
Project("{FAE04EC0-301F-11D3-BF4B-00C04F79EFBC}") = "class_code_1", "class_code_1\class_code_1.csproj", "{B6478C15-5E3A-4BD6-BD4D-9912D0178E60}"
EndProject
Global
	GlobalSection(SolutionConfigurationPlatforms) = preSolution
		Debug|Any CPU = Debug|Any CPU
		Release|Any CPU = Release|Any CPU
	EndGlobalSection
	GlobalSection(ProjectConfigurationPlatforms) = postSolution
		{B6478C15-5E3A-4BD6-BD4D-9912D0178E60}.Debug|Any CPU.ActiveCfg = Debug|Any CPU
		{B6478C15-5E3A-4BD6-BD4D-9912D0178E60}.Debug|Any CPU.Build.0 = Debug|Any CPU
		{B6478C15-5E3A-4BD6-BD4D-9912D0178E60}.Release|Any CPU.ActiveCfg = Release|Any CPU
		{B6478C15-5E3A-4BD6-BD4D-9912D0178E60}.Release|Any CPU.Build.0 = Release|Any CPU
	EndGlobalSection
	GlobalSection(SolutionProperties) = preSolution
		HideSolutionNode = FALSE
	EndGlobalSection
	GlobalSection(ExtensibilityGlobals) = postSolution
		SolutionGuid = {4AD66085-EFA1-4C8C-8951-9988596925BE}
	EndGlobalSection
EndGlobal
