
Microsoft Visual Studio Solution File, Format Version 12.00
# Visual Studio Version 16
VisualStudioVersion = 16.0.32413.511
MinimumVisualStudioVersion = 10.0.40219.1
Project("{FAE04EC0-301F-11D3-BF4B-00C04F79EFBC}") = "classcode_3", "classcode_3\classcode_3.csproj", "{8700D9FD-868C-43C9-87A6-26A911212B7F}"
EndProject
Global
	GlobalSection(SolutionConfigurationPlatforms) = preSolution
		Debug|Any CPU = Debug|Any CPU
		Release|Any CPU = Release|Any CPU
	EndGlobalSection
	GlobalSection(ProjectConfigurationPlatforms) = postSolution
		{8700D9FD-868C-43C9-87A6-26A911212B7F}.Debug|Any CPU.ActiveCfg = Debug|Any CPU
		{8700D9FD-868C-43C9-87A6-26A911212B7F}.Debug|Any CPU.Build.0 = Debug|Any CPU
		{8700D9FD-868C-43C9-87A6-26A911212B7F}.Release|Any CPU.ActiveCfg = Release|Any CPU
		{8700D9FD-868C-43C9-87A6-26A911212B7F}.Release|Any CPU.Build.0 = Release|Any CPU
	EndGlobalSection
	GlobalSection(SolutionProperties) = preSolution
		HideSolutionNode = FALSE
	EndGlobalSection
	GlobalSection(ExtensibilityGlobals) = postSolution
		SolutionGuid = {DF74C52E-A19A-4CA8-9D32-66ADD7FE2635}
	EndGlobalSection
EndGlobal
