
Microsoft Visual Studio Solution File, Format Version 12.00
# Visual Studio Version 16
VisualStudioVersion = 16.0.32413.511
MinimumVisualStudioVersion = 10.0.40219.1
Project("{FAE04EC0-301F-11D3-BF4B-00C04F79EFBC}") = "class_console", "class_console\class_console.csproj", "{40F4CB31-76D8-47C5-8821-D4BDAA2139E4}"
EndProject
Global
	GlobalSection(SolutionConfigurationPlatforms) = preSolution
		Debug|Any CPU = Debug|Any CPU
		Release|Any CPU = Release|Any CPU
	EndGlobalSection
	GlobalSection(ProjectConfigurationPlatforms) = postSolution
		{40F4CB31-76D8-47C5-8821-D4BDAA2139E4}.Debug|Any CPU.ActiveCfg = Debug|Any CPU
		{40F4CB31-76D8-47C5-8821-D4BDAA2139E4}.Debug|Any CPU.Build.0 = Debug|Any CPU
		{40F4CB31-76D8-47C5-8821-D4BDAA2139E4}.Release|Any CPU.ActiveCfg = Release|Any CPU
		{40F4CB31-76D8-47C5-8821-D4BDAA2139E4}.Release|Any CPU.Build.0 = Release|Any CPU
	EndGlobalSection
	GlobalSection(SolutionProperties) = preSolution
		HideSolutionNode = FALSE
	EndGlobalSection
	GlobalSection(ExtensibilityGlobals) = postSolution
		SolutionGuid = {82E7EFAF-0476-4939-A0E0-8A3594D2DB4E}
	EndGlobalSection
EndGlobal
